
Microsoft Visual Studio Solution File, Format Version 12.00
# Visual Studio 15
VisualStudioVersion = 15.0.26124.0
MinimumVisualStudioVersion = 15.0.26124.0
Project("{FAE04EC0-301F-11D3-BF4B-00C04F79EFBC}") = "Domain", "Domain\Domain.csproj", "{3895FD37-CCD8-4A19-B7C5-781949FC98B3}"
EndProject
Project("{FAE04EC0-301F-11D3-BF4B-00C04F79EFBC}") = "Application", "Application\Application.csproj", "{1DEA462B-EAE3-4FAF-9DE4-AD6A611998F3}"
EndProject
Project("{FAE04EC0-301F-11D3-BF4B-00C04F79EFBC}") = "Persistence", "Persistence\Persistence.csproj", "{D84226B7-0BFA-432E-87D7-B1185E2CA106}"
EndProject
Project("{FAE04EC0-301F-11D3-BF4B-00C04F79EFBC}") = "API", "API\API.csproj", "{FDA3D23C-57FB-47F2-ADD2-99BCC5EC297B}"
EndProject
Global
	GlobalSection(SolutionConfigurationPlatforms) = preSolution
		Debug|Any CPU = Debug|Any CPU
		Debug|x64 = Debug|x64
		Debug|x86 = Debug|x86
		Release|Any CPU = Release|Any CPU
		Release|x64 = Release|x64
		Release|x86 = Release|x86
	EndGlobalSection
	GlobalSection(SolutionProperties) = preSolution
		HideSolutionNode = FALSE
	EndGlobalSection
	GlobalSection(ProjectConfigurationPlatforms) = postSolution
		{3895FD37-CCD8-4A19-B7C5-781949FC98B3}.Debug|Any CPU.ActiveCfg = Debug|Any CPU
		{3895FD37-CCD8-4A19-B7C5-781949FC98B3}.Debug|Any CPU.Build.0 = Debug|Any CPU
		{3895FD37-CCD8-4A19-B7C5-781949FC98B3}.Debug|x64.ActiveCfg = Debug|Any CPU
		{3895FD37-CCD8-4A19-B7C5-781949FC98B3}.Debug|x64.Build.0 = Debug|Any CPU
		{3895FD37-CCD8-4A19-B7C5-781949FC98B3}.Debug|x86.ActiveCfg = Debug|Any CPU
		{3895FD37-CCD8-4A19-B7C5-781949FC98B3}.Debug|x86.Build.0 = Debug|Any CPU
		{3895FD37-CCD8-4A19-B7C5-781949FC98B3}.Release|Any CPU.ActiveCfg = Release|Any CPU
		{3895FD37-CCD8-4A19-B7C5-781949FC98B3}.Release|Any CPU.Build.0 = Release|Any CPU
		{3895FD37-CCD8-4A19-B7C5-781949FC98B3}.Release|x64.ActiveCfg = Release|Any CPU
		{3895FD37-CCD8-4A19-B7C5-781949FC98B3}.Release|x64.Build.0 = Release|Any CPU
		{3895FD37-CCD8-4A19-B7C5-781949FC98B3}.Release|x86.ActiveCfg = Release|Any CPU
		{3895FD37-CCD8-4A19-B7C5-781949FC98B3}.Release|x86.Build.0 = Release|Any CPU
		{1DEA462B-EAE3-4FAF-9DE4-AD6A611998F3}.Debug|Any CPU.ActiveCfg = Debug|Any CPU
		{1DEA462B-EAE3-4FAF-9DE4-AD6A611998F3}.Debug|Any CPU.Build.0 = Debug|Any CPU
		{1DEA462B-EAE3-4FAF-9DE4-AD6A611998F3}.Debug|x64.ActiveCfg = Debug|Any CPU
		{1DEA462B-EAE3-4FAF-9DE4-AD6A611998F3}.Debug|x64.Build.0 = Debug|Any CPU
		{1DEA462B-EAE3-4FAF-9DE4-AD6A611998F3}.Debug|x86.ActiveCfg = Debug|Any CPU
		{1DEA462B-EAE3-4FAF-9DE4-AD6A611998F3}.Debug|x86.Build.0 = Debug|Any CPU
		{1DEA462B-EAE3-4FAF-9DE4-AD6A611998F3}.Release|Any CPU.ActiveCfg = Release|Any CPU
		{1DEA462B-EAE3-4FAF-9DE4-AD6A611998F3}.Release|Any CPU.Build.0 = Release|Any CPU
		{1DEA462B-EAE3-4FAF-9DE4-AD6A611998F3}.Release|x64.ActiveCfg = Release|Any CPU
		{1DEA462B-EAE3-4FAF-9DE4-AD6A611998F3}.Release|x64.Build.0 = Release|Any CPU
		{1DEA462B-EAE3-4FAF-9DE4-AD6A611998F3}.Release|x86.ActiveCfg = Release|Any CPU
		{1DEA462B-EAE3-4FAF-9DE4-AD6A611998F3}.Release|x86.Build.0 = Release|Any CPU
		{D84226B7-0BFA-432E-87D7-B1185E2CA106}.Debug|Any CPU.ActiveCfg = Debug|Any CPU
		{D84226B7-0BFA-432E-87D7-B1185E2CA106}.Debug|Any CPU.Build.0 = Debug|Any CPU
		{D84226B7-0BFA-432E-87D7-B1185E2CA106}.Debug|x64.ActiveCfg = Debug|Any CPU
		{D84226B7-0BFA-432E-87D7-B1185E2CA106}.Debug|x64.Build.0 = Debug|Any CPU
		{D84226B7-0BFA-432E-87D7-B1185E2CA106}.Debug|x86.ActiveCfg = Debug|Any CPU
		{D84226B7-0BFA-432E-87D7-B1185E2CA106}.Debug|x86.Build.0 = Debug|Any CPU
		{D84226B7-0BFA-432E-87D7-B1185E2CA106}.Release|Any CPU.ActiveCfg = Release|Any CPU
		{D84226B7-0BFA-432E-87D7-B1185E2CA106}.Release|Any CPU.Build.0 = Release|Any CPU
		{D84226B7-0BFA-432E-87D7-B1185E2CA106}.Release|x64.ActiveCfg = Release|Any CPU
		{D84226B7-0BFA-432E-87D7-B1185E2CA106}.Release|x64.Build.0 = Release|Any CPU
		{D84226B7-0BFA-432E-87D7-B1185E2CA106}.Release|x86.ActiveCfg = Release|Any CPU
		{D84226B7-0BFA-432E-87D7-B1185E2CA106}.Release|x86.Build.0 = Release|Any CPU
		{FDA3D23C-57FB-47F2-ADD2-99BCC5EC297B}.Debug|Any CPU.ActiveCfg = Debug|Any CPU
		{FDA3D23C-57FB-47F2-ADD2-99BCC5EC297B}.Debug|Any CPU.Build.0 = Debug|Any CPU
		{FDA3D23C-57FB-47F2-ADD2-99BCC5EC297B}.Debug|x64.ActiveCfg = Debug|Any CPU
		{FDA3D23C-57FB-47F2-ADD2-99BCC5EC297B}.Debug|x64.Build.0 = Debug|Any CPU
		{FDA3D23C-57FB-47F2-ADD2-99BCC5EC297B}.Debug|x86.ActiveCfg = Debug|Any CPU
		{FDA3D23C-57FB-47F2-ADD2-99BCC5EC297B}.Debug|x86.Build.0 = Debug|Any CPU
		{FDA3D23C-57FB-47F2-ADD2-99BCC5EC297B}.Release|Any CPU.ActiveCfg = Release|Any CPU
		{FDA3D23C-57FB-47F2-ADD2-99BCC5EC297B}.Release|Any CPU.Build.0 = Release|Any CPU
		{FDA3D23C-57FB-47F2-ADD2-99BCC5EC297B}.Release|x64.ActiveCfg = Release|Any CPU
		{FDA3D23C-57FB-47F2-ADD2-99BCC5EC297B}.Release|x64.Build.0 = Release|Any CPU
		{FDA3D23C-57FB-47F2-ADD2-99BCC5EC297B}.Release|x86.ActiveCfg = Release|Any CPU
		{FDA3D23C-57FB-47F2-ADD2-99BCC5EC297B}.Release|x86.Build.0 = Release|Any CPU
	EndGlobalSection
EndGlobal
